// !$*UTF8*$!
{
	archiveVersion = 1;
	classes = {
	};
	objectVersion = 55;
	objects = {

/* Begin PBXBuildFile section */
		1413B6D42866E12400F49DB1 /* HotelsReducer.swift in Sources */ = {isa = PBXBuildFile; fileRef = 1413B6D32866E12400F49DB1 /* HotelsReducer.swift */; };
		1413B6D62866E13D00F49DB1 /* DirectionHotel.swift in Sources */ = {isa = PBXBuildFile; fileRef = 1413B6D52866E13D00F49DB1 /* DirectionHotel.swift */; };
		1413B6D82866E15200F49DB1 /* HotelsState.swift in Sources */ = {isa = PBXBuildFile; fileRef = 1413B6D72866E15200F49DB1 /* HotelsState.swift */; };
		1413B6DB2866E1B400F49DB1 /* TicketsState.swift in Sources */ = {isa = PBXBuildFile; fileRef = 1413B6DA2866E1B400F49DB1 /* TicketsState.swift */; };
		1413B6DD2866E1D500F49DB1 /* TicketsReducer.swift in Sources */ = {isa = PBXBuildFile; fileRef = 1413B6DC2866E1D500F49DB1 /* TicketsReducer.swift */; };
		1413B6DF2866E1E900F49DB1 /* TicketsView.swift in Sources */ = {isa = PBXBuildFile; fileRef = 1413B6DE2866E1E900F49DB1 /* TicketsView.swift */; };
		1413B6E12866E22300F49DB1 /* DirectionTicket.swift in Sources */ = {isa = PBXBuildFile; fileRef = 1413B6E02866E22300F49DB1 /* DirectionTicket.swift */; };
		1413B6E32866E29700F49DB1 /* DirectionScreenReducer.swift in Sources */ = {isa = PBXBuildFile; fileRef = 1413B6E22866E29700F49DB1 /* DirectionScreenReducer.swift */; };
		1413B6EC2866E60400F49DB1 /* DirectionScreenContentView.swift in Sources */ = {isa = PBXBuildFile; fileRef = 1413B6EB2866E60400F49DB1 /* DirectionScreenContentView.swift */; };
		1413B6F02866E6F000F49DB1 /* DirectionScreenContentReducer.swift in Sources */ = {isa = PBXBuildFile; fileRef = 1413B6EF2866E6F000F49DB1 /* DirectionScreenContentReducer.swift */; };
		1413B6F22866E78F00F49DB1 /* DirectionScreenContentState.swift in Sources */ = {isa = PBXBuildFile; fileRef = 1413B6F12866E78F00F49DB1 /* DirectionScreenContentState.swift */; };
		146D164D2864A16200F59B0C /* AppDelegate.swift in Sources */ = {isa = PBXBuildFile; fileRef = 146D164C2864A16200F59B0C /* AppDelegate.swift */; };
		146D164F2864A16200F59B0C /* SceneDelegate.swift in Sources */ = {isa = PBXBuildFile; fileRef = 146D164E2864A16200F59B0C /* SceneDelegate.swift */; };
		146D16562864A16300F59B0C /* Assets.xcassets in Resources */ = {isa = PBXBuildFile; fileRef = 146D16552864A16300F59B0C /* Assets.xcassets */; };
		146D16592864A16300F59B0C /* LaunchScreen.storyboard in Resources */ = {isa = PBXBuildFile; fileRef = 146D16572864A16300F59B0C /* LaunchScreen.storyboard */; };
		146D16622864A19E00F59B0C /* ComposableArchitecture in Frameworks */ = {isa = PBXBuildFile; productRef = 146D16612864A19E00F59B0C /* ComposableArchitecture */; };
		146D166A2864A21C00F59B0C /* StatisticsEvent.swift in Sources */ = {isa = PBXBuildFile; fileRef = 146D16642864A21C00F59B0C /* StatisticsEvent.swift */; };
		146D166B2864A21C00F59B0C /* DirectionScreenView.swift in Sources */ = {isa = PBXBuildFile; fileRef = 146D16652864A21C00F59B0C /* DirectionScreenView.swift */; };
		146D166D2864A21C00F59B0C /* DirectionScreenResponse.swift in Sources */ = {isa = PBXBuildFile; fileRef = 146D16672864A21C00F59B0C /* DirectionScreenResponse.swift */; };
		146D166E2864A21C00F59B0C /* DirectionScreenItemView.swift in Sources */ = {isa = PBXBuildFile; fileRef = 146D16682864A21C00F59B0C /* DirectionScreenItemView.swift */; };
		146D166F2864A21C00F59B0C /* HotelsView.swift in Sources */ = {isa = PBXBuildFile; fileRef = 146D16692864A21C00F59B0C /* HotelsView.swift */; };
/* End PBXBuildFile section */

/* Begin PBXFileReference section */
		1413B6D32866E12400F49DB1 /* HotelsReducer.swift */ = {isa = PBXFileReference; lastKnownFileType = sourcecode.swift; path = HotelsReducer.swift; sourceTree = "<group>"; };
		1413B6D52866E13D00F49DB1 /* DirectionHotel.swift */ = {isa = PBXFileReference; lastKnownFileType = sourcecode.swift; path = DirectionHotel.swift; sourceTree = "<group>"; };
		1413B6D72866E15200F49DB1 /* HotelsState.swift */ = {isa = PBXFileReference; lastKnownFileType = sourcecode.swift; path = HotelsState.swift; sourceTree = "<group>"; };
		1413B6DA2866E1B400F49DB1 /* TicketsState.swift */ = {isa = PBXFileReference; lastKnownFileType = sourcecode.swift; path = TicketsState.swift; sourceTree = "<group>"; };
		1413B6DC2866E1D500F49DB1 /* TicketsReducer.swift */ = {isa = PBXFileReference; lastKnownFileType = sourcecode.swift; path = TicketsReducer.swift; sourceTree = "<group>"; };
		1413B6DE2866E1E900F49DB1 /* TicketsView.swift */ = {isa = PBXFileReference; lastKnownFileType = sourcecode.swift; path = TicketsView.swift; sourceTree = "<group>"; };
		1413B6E02866E22300F49DB1 /* DirectionTicket.swift */ = {isa = PBXFileReference; lastKnownFileType = sourcecode.swift; path = DirectionTicket.swift; sourceTree = "<group>"; };
		1413B6E22866E29700F49DB1 /* DirectionScreenReducer.swift */ = {isa = PBXFileReference; lastKnownFileType = sourcecode.swift; path = DirectionScreenReducer.swift; sourceTree = "<group>"; };
		1413B6EB2866E60400F49DB1 /* DirectionScreenContentView.swift */ = {isa = PBXFileReference; fileEncoding = 4; lastKnownFileType = sourcecode.swift; path = DirectionScreenContentView.swift; sourceTree = "<group>"; };
		1413B6EF2866E6F000F49DB1 /* DirectionScreenContentReducer.swift */ = {isa = PBXFileReference; lastKnownFileType = sourcecode.swift; path = DirectionScreenContentReducer.swift; sourceTree = "<group>"; };
		1413B6F12866E78F00F49DB1 /* DirectionScreenContentState.swift */ = {isa = PBXFileReference; lastKnownFileType = sourcecode.swift; path = DirectionScreenContentState.swift; sourceTree = "<group>"; };
		146D16492864A16200F59B0C /* tca-demo.app */ = {isa = PBXFileReference; explicitFileType = wrapper.application; includeInIndex = 0; path = "tca-demo.app"; sourceTree = BUILT_PRODUCTS_DIR; };
		146D164C2864A16200F59B0C /* AppDelegate.swift */ = {isa = PBXFileReference; lastKnownFileType = sourcecode.swift; path = AppDelegate.swift; sourceTree = "<group>"; };
		146D164E2864A16200F59B0C /* SceneDelegate.swift */ = {isa = PBXFileReference; lastKnownFileType = sourcecode.swift; path = SceneDelegate.swift; sourceTree = "<group>"; };
		146D16552864A16300F59B0C /* Assets.xcassets */ = {isa = PBXFileReference; lastKnownFileType = folder.assetcatalog; path = Assets.xcassets; sourceTree = "<group>"; };
		146D16582864A16300F59B0C /* Base */ = {isa = PBXFileReference; lastKnownFileType = file.storyboard; name = Base; path = Base.lproj/LaunchScreen.storyboard; sourceTree = "<group>"; };
		146D165A2864A16300F59B0C /* Info.plist */ = {isa = PBXFileReference; lastKnownFileType = text.plist.xml; path = Info.plist; sourceTree = "<group>"; };
		146D16642864A21C00F59B0C /* StatisticsEvent.swift */ = {isa = PBXFileReference; fileEncoding = 4; lastKnownFileType = sourcecode.swift; path = StatisticsEvent.swift; sourceTree = "<group>"; };
		146D16652864A21C00F59B0C /* DirectionScreenView.swift */ = {isa = PBXFileReference; fileEncoding = 4; lastKnownFileType = sourcecode.swift; path = DirectionScreenView.swift; sourceTree = "<group>"; };
		146D16672864A21C00F59B0C /* DirectionScreenResponse.swift */ = {isa = PBXFileReference; fileEncoding = 4; lastKnownFileType = sourcecode.swift; path = DirectionScreenResponse.swift; sourceTree = "<group>"; };
		146D16682864A21C00F59B0C /* DirectionScreenItemView.swift */ = {isa = PBXFileReference; fileEncoding = 4; lastKnownFileType = sourcecode.swift; path = DirectionScreenItemView.swift; sourceTree = "<group>"; };
		146D16692864A21C00F59B0C /* HotelsView.swift */ = {isa = PBXFileReference; fileEncoding = 4; lastKnownFileType = sourcecode.swift; path = HotelsView.swift; sourceTree = "<group>"; };
/* End PBXFileReference section */

/* Begin PBXFrameworksBuildPhase section */
		146D16462864A16200F59B0C /* Frameworks */ = {
			isa = PBXFrameworksBuildPhase;
			buildActionMask = 2147483647;
			files = (
				146D16622864A19E00F59B0C /* ComposableArchitecture in Frameworks */,
			);
			runOnlyForDeploymentPostprocessing = 0;
		};
/* End PBXFrameworksBuildPhase section */

/* Begin PBXGroup section */
		1413B6CE2866E0C700F49DB1 /* DirectionScreen */ = {
			isa = PBXGroup;
			children = (
				1413B6E82866E58F00F49DB1 /* ContentState */,
				1413B6E22866E29700F49DB1 /* DirectionScreenReducer.swift */,
				146D16652864A21C00F59B0C /* DirectionScreenView.swift */,
				146D16682864A21C00F59B0C /* DirectionScreenItemView.swift */,
				1413B6E42866E2B500F49DB1 /* Models */,
				1413B6E52866E2C400F49DB1 /* Submodules */,
			);
			path = DirectionScreen;
			sourceTree = "<group>";
		};
		1413B6D02866E10000F49DB1 /* Hotels */ = {
			isa = PBXGroup;
			children = (
				1413B6D32866E12400F49DB1 /* HotelsReducer.swift */,
				1413B6D52866E13D00F49DB1 /* DirectionHotel.swift */,
				1413B6D72866E15200F49DB1 /* HotelsState.swift */,
				146D16692864A21C00F59B0C /* HotelsView.swift */,
			);
			path = Hotels;
			sourceTree = "<group>";
		};
		1413B6D92866E1A800F49DB1 /* Tickets */ = {
			isa = PBXGroup;
			children = (
				1413B6DA2866E1B400F49DB1 /* TicketsState.swift */,
				1413B6DC2866E1D500F49DB1 /* TicketsReducer.swift */,
				1413B6DE2866E1E900F49DB1 /* TicketsView.swift */,
				1413B6E02866E22300F49DB1 /* DirectionTicket.swift */,
			);
			path = Tickets;
			sourceTree = "<group>";
		};
		1413B6E42866E2B500F49DB1 /* Models */ = {
			isa = PBXGroup;
			children = (
				146D16642864A21C00F59B0C /* StatisticsEvent.swift */,
				146D16672864A21C00F59B0C /* DirectionScreenResponse.swift */,
			);
			path = Models;
			sourceTree = "<group>";
		};
		1413B6E52866E2C400F49DB1 /* Submodules */ = {
			isa = PBXGroup;
			children = (
				1413B6D02866E10000F49DB1 /* Hotels */,
				1413B6D92866E1A800F49DB1 /* Tickets */,
			);
			path = Submodules;
			sourceTree = "<group>";
		};
		1413B6E82866E58F00F49DB1 /* ContentState */ = {
			isa = PBXGroup;
			children = (
				1413B6EB2866E60400F49DB1 /* DirectionScreenContentView.swift */,
				1413B6EF2866E6F000F49DB1 /* DirectionScreenContentReducer.swift */,
				1413B6F12866E78F00F49DB1 /* DirectionScreenContentState.swift */,
			);
			path = ContentState;
			sourceTree = "<group>";
		};
		146D16402864A16200F59B0C = {
			isa = PBXGroup;
			children = (
				146D164B2864A16200F59B0C /* tca-demo */,
				146D164A2864A16200F59B0C /* Products */,
			);
			sourceTree = "<group>";
		};
		146D164A2864A16200F59B0C /* Products */ = {
			isa = PBXGroup;
			children = (
				146D16492864A16200F59B0C /* tca-demo.app */,
			);
			name = Products;
			sourceTree = "<group>";
		};
		146D164B2864A16200F59B0C /* tca-demo */ = {
			isa = PBXGroup;
			children = (
				146D164C2864A16200F59B0C /* AppDelegate.swift */,
				146D164E2864A16200F59B0C /* SceneDelegate.swift */,
				1413B6CE2866E0C700F49DB1 /* DirectionScreen */,
				146D16632864A1F500F59B0C /* iOS */,
			);
			path = "tca-demo";
			sourceTree = "<group>";
		};
		146D16632864A1F500F59B0C /* iOS */ = {
			isa = PBXGroup;
			children = (
				146D16552864A16300F59B0C /* Assets.xcassets */,
				146D16572864A16300F59B0C /* LaunchScreen.storyboard */,
				146D165A2864A16300F59B0C /* Info.plist */,
			);
			path = iOS;
			sourceTree = "<group>";
		};
/* End PBXGroup section */

/* Begin PBXNativeTarget section */
		146D16482864A16200F59B0C /* tca-demo */ = {
			isa = PBXNativeTarget;
			buildConfigurationList = 146D165D2864A16300F59B0C /* Build configuration list for PBXNativeTarget "tca-demo" */;
			buildPhases = (
				146D16452864A16200F59B0C /* Sources */,
				146D16462864A16200F59B0C /* Frameworks */,
				146D16472864A16200F59B0C /* Resources */,
			);
			buildRules = (
			);
			dependencies = (
			);
			name = "tca-demo";
			packageProductDependencies = (
				146D16612864A19E00F59B0C /* ComposableArchitecture */,
			);
			productName = "tca-demo";
			productReference = 146D16492864A16200F59B0C /* tca-demo.app */;
			productType = "com.apple.product-type.application";
		};
/* End PBXNativeTarget section */

/* Begin PBXProject section */
		146D16412864A16200F59B0C /* Project object */ = {
			isa = PBXProject;
			attributes = {
				BuildIndependentTargetsInParallel = 1;
				LastSwiftUpdateCheck = 1340;
				LastUpgradeCheck = 1340;
				TargetAttributes = {
					146D16482864A16200F59B0C = {
						CreatedOnToolsVersion = 13.4.1;
					};
				};
			};
			buildConfigurationList = 146D16442864A16200F59B0C /* Build configuration list for PBXProject "tca-demo" */;
			compatibilityVersion = "Xcode 13.0";
			developmentRegion = en;
			hasScannedForEncodings = 0;
			knownRegions = (
				en,
				Base,
			);
			mainGroup = 146D16402864A16200F59B0C;
			packageReferences = (
				146D16602864A19E00F59B0C /* XCRemoteSwiftPackageReference "swift-composable-architecture" */,
			);
			productRefGroup = 146D164A2864A16200F59B0C /* Products */;
			projectDirPath = "";
			projectRoot = "";
			targets = (
				146D16482864A16200F59B0C /* tca-demo */,
			);
		};
/* End PBXProject section */

/* Begin PBXResourcesBuildPhase section */
		146D16472864A16200F59B0C /* Resources */ = {
			isa = PBXResourcesBuildPhase;
			buildActionMask = 2147483647;
			files = (
				146D16592864A16300F59B0C /* LaunchScreen.storyboard in Resources */,
				146D16562864A16300F59B0C /* Assets.xcassets in Resources */,
			);
			runOnlyForDeploymentPostprocessing = 0;
		};
/* End PBXResourcesBuildPhase section */

/* Begin PBXSourcesBuildPhase section */
		146D16452864A16200F59B0C /* Sources */ = {
			isa = PBXSourcesBuildPhase;
			buildActionMask = 2147483647;
			files = (
				1413B6D82866E15200F49DB1 /* HotelsState.swift in Sources */,
				1413B6F02866E6F000F49DB1 /* DirectionScreenContentReducer.swift in Sources */,
				146D166B2864A21C00F59B0C /* DirectionScreenView.swift in Sources */,
				1413B6D42866E12400F49DB1 /* HotelsReducer.swift in Sources */,
				1413B6E12866E22300F49DB1 /* DirectionTicket.swift in Sources */,
				146D164D2864A16200F59B0C /* AppDelegate.swift in Sources */,
				1413B6DD2866E1D500F49DB1 /* TicketsReducer.swift in Sources */,
				1413B6D62866E13D00F49DB1 /* DirectionHotel.swift in Sources */,
				146D166D2864A21C00F59B0C /* DirectionScreenResponse.swift in Sources */,
				146D166A2864A21C00F59B0C /* StatisticsEvent.swift in Sources */,
				1413B6E32866E29700F49DB1 /* DirectionScreenReducer.swift in Sources */,
				146D164F2864A16200F59B0C /* SceneDelegate.swift in Sources */,
				1413B6DF2866E1E900F49DB1 /* TicketsView.swift in Sources */,
				1413B6F22866E78F00F49DB1 /* DirectionScreenContentState.swift in Sources */,
				1413B6DB2866E1B400F49DB1 /* TicketsState.swift in Sources */,
				146D166F2864A21C00F59B0C /* HotelsView.swift in Sources */,
				1413B6EC2866E60400F49DB1 /* DirectionScreenContentView.swift in Sources */,
				146D166E2864A21C00F59B0C /* DirectionScreenItemView.swift in Sources */,
			);
			runOnlyForDeploymentPostprocessing = 0;
		};
/* End PBXSourcesBuildPhase section */

/* Begin PBXVariantGroup section */
		146D16572864A16300F59B0C /* LaunchScreen.storyboard */ = {
			isa = PBXVariantGroup;
			children = (
				146D16582864A16300F59B0C /* Base */,
			);
			name = LaunchScreen.storyboard;
			sourceTree = "<group>";
		};
/* End PBXVariantGroup section */

/* Begin XCBuildConfiguration section */
		146D165B2864A16300F59B0C /* Debug */ = {
			isa = XCBuildConfiguration;
			buildSettings = {
				ALWAYS_SEARCH_USER_PATHS = NO;
				CLANG_ANALYZER_NONNULL = YES;
				CLANG_ANALYZER_NUMBER_OBJECT_CONVERSION = YES_AGGRESSIVE;
				CLANG_CXX_LANGUAGE_STANDARD = "gnu++17";
				CLANG_ENABLE_MODULES = YES;
				CLANG_ENABLE_OBJC_ARC = YES;
				CLANG_ENABLE_OBJC_WEAK = YES;
				CLANG_WARN_BLOCK_CAPTURE_AUTORELEASING = YES;
				CLANG_WARN_BOOL_CONVERSION = YES;
				CLANG_WARN_COMMA = YES;
				CLANG_WARN_CONSTANT_CONVERSION = YES;
				CLANG_WARN_DEPRECATED_OBJC_IMPLEMENTATIONS = YES;
				CLANG_WARN_DIRECT_OBJC_ISA_USAGE = YES_ERROR;
				CLANG_WARN_DOCUMENTATION_COMMENTS = YES;
				CLANG_WARN_EMPTY_BODY = YES;
				CLANG_WARN_ENUM_CONVERSION = YES;
				CLANG_WARN_INFINITE_RECURSION = YES;
				CLANG_WARN_INT_CONVERSION = YES;
				CLANG_WARN_NON_LITERAL_NULL_CONVERSION = YES;
				CLANG_WARN_OBJC_IMPLICIT_RETAIN_SELF = YES;
				CLANG_WARN_OBJC_LITERAL_CONVERSION = YES;
				CLANG_WARN_OBJC_ROOT_CLASS = YES_ERROR;
				CLANG_WARN_QUOTED_INCLUDE_IN_FRAMEWORK_HEADER = YES;
				CLANG_WARN_RANGE_LOOP_ANALYSIS = YES;
				CLANG_WARN_STRICT_PROTOTYPES = YES;
				CLANG_WARN_SUSPICIOUS_MOVE = YES;
				CLANG_WARN_UNGUARDED_AVAILABILITY = YES_AGGRESSIVE;
				CLANG_WARN_UNREACHABLE_CODE = YES;
				CLANG_WARN__DUPLICATE_METHOD_MATCH = YES;
				COPY_PHASE_STRIP = NO;
				DEBUG_INFORMATION_FORMAT = dwarf;
				ENABLE_STRICT_OBJC_MSGSEND = YES;
				ENABLE_TESTABILITY = YES;
				GCC_C_LANGUAGE_STANDARD = gnu11;
				GCC_DYNAMIC_NO_PIC = NO;
				GCC_NO_COMMON_BLOCKS = YES;
				GCC_OPTIMIZATION_LEVEL = 0;
				GCC_PREPROCESSOR_DEFINITIONS = (
					"DEBUG=1",
					"$(inherited)",
				);
				GCC_WARN_64_TO_32_BIT_CONVERSION = YES;
				GCC_WARN_ABOUT_RETURN_TYPE = YES_ERROR;
				GCC_WARN_UNDECLARED_SELECTOR = YES;
				GCC_WARN_UNINITIALIZED_AUTOS = YES_AGGRESSIVE;
				GCC_WARN_UNUSED_FUNCTION = YES;
				GCC_WARN_UNUSED_VARIABLE = YES;
				IPHONEOS_DEPLOYMENT_TARGET = 13.0;
				MTL_ENABLE_DEBUG_INFO = INCLUDE_SOURCE;
				MTL_FAST_MATH = YES;
				ONLY_ACTIVE_ARCH = YES;
				SDKROOT = iphoneos;
				SWIFT_ACTIVE_COMPILATION_CONDITIONS = DEBUG;
				SWIFT_OPTIMIZATION_LEVEL = "-Onone";
			};
			name = Debug;
		};
		146D165C2864A16300F59B0C /* Release */ = {
			isa = XCBuildConfiguration;
			buildSettings = {
				ALWAYS_SEARCH_USER_PATHS = NO;
				CLANG_ANALYZER_NONNULL = YES;
				CLANG_ANALYZER_NUMBER_OBJECT_CONVERSION = YES_AGGRESSIVE;
				CLANG_CXX_LANGUAGE_STANDARD = "gnu++17";
				CLANG_ENABLE_MODULES = YES;
				CLANG_ENABLE_OBJC_ARC = YES;
				CLANG_ENABLE_OBJC_WEAK = YES;
				CLANG_WARN_BLOCK_CAPTURE_AUTORELEASING = YES;
				CLANG_WARN_BOOL_CONVERSION = YES;
				CLANG_WARN_COMMA = YES;
				CLANG_WARN_CONSTANT_CONVERSION = YES;
				CLANG_WARN_DEPRECATED_OBJC_IMPLEMENTATIONS = YES;
				CLANG_WARN_DIRECT_OBJC_ISA_USAGE = YES_ERROR;
				CLANG_WARN_DOCUMENTATION_COMMENTS = YES;
				CLANG_WARN_EMPTY_BODY = YES;
				CLANG_WARN_ENUM_CONVERSION = YES;
				CLANG_WARN_INFINITE_RECURSION = YES;
				CLANG_WARN_INT_CONVERSION = YES;
				CLANG_WARN_NON_LITERAL_NULL_CONVERSION = YES;
				CLANG_WARN_OBJC_IMPLICIT_RETAIN_SELF = YES;
				CLANG_WARN_OBJC_LITERAL_CONVERSION = YES;
				CLANG_WARN_OBJC_ROOT_CLASS = YES_ERROR;
				CLANG_WARN_QUOTED_INCLUDE_IN_FRAMEWORK_HEADER = YES;
				CLANG_WARN_RANGE_LOOP_ANALYSIS = YES;
				CLANG_WARN_STRICT_PROTOTYPES = YES;
				CLANG_WARN_SUSPICIOUS_MOVE = YES;
				CLANG_WARN_UNGUARDED_AVAILABILITY = YES_AGGRESSIVE;
				CLANG_WARN_UNREACHABLE_CODE = YES;
				CLANG_WARN__DUPLICATE_METHOD_MATCH = YES;
				COPY_PHASE_STRIP = NO;
				DEBUG_INFORMATION_FORMAT = "dwarf-with-dsym";
				ENABLE_NS_ASSERTIONS = NO;
				ENABLE_STRICT_OBJC_MSGSEND = YES;
				GCC_C_LANGUAGE_STANDARD = gnu11;
				GCC_NO_COMMON_BLOCKS = YES;
				GCC_WARN_64_TO_32_BIT_CONVERSION = YES;
				GCC_WARN_ABOUT_RETURN_TYPE = YES_ERROR;
				GCC_WARN_UNDECLARED_SELECTOR = YES;
				GCC_WARN_UNINITIALIZED_AUTOS = YES_AGGRESSIVE;
				GCC_WARN_UNUSED_FUNCTION = YES;
				GCC_WARN_UNUSED_VARIABLE = YES;
				IPHONEOS_DEPLOYMENT_TARGET = 13.0;
				MTL_ENABLE_DEBUG_INFO = NO;
				MTL_FAST_MATH = YES;
				SDKROOT = iphoneos;
				SWIFT_COMPILATION_MODE = wholemodule;
				SWIFT_OPTIMIZATION_LEVEL = "-O";
				VALIDATE_PRODUCT = YES;
			};
			name = Release;
		};
		146D165E2864A16300F59B0C /* Debug */ = {
			isa = XCBuildConfiguration;
			buildSettings = {
				ASSETCATALOG_COMPILER_APPICON_NAME = AppIcon;
				ASSETCATALOG_COMPILER_GLOBAL_ACCENT_COLOR_NAME = AccentColor;
				CODE_SIGN_STYLE = Automatic;
				CURRENT_PROJECT_VERSION = 1;
				DEVELOPMENT_TEAM = 5393MUFBLF;
				GENERATE_INFOPLIST_FILE = YES;
				INFOPLIST_FILE = "tca-demo/iOS/Info.plist";
				INFOPLIST_KEY_UIApplicationSupportsIndirectInputEvents = YES;
				INFOPLIST_KEY_UILaunchStoryboardName = LaunchScreen;
				INFOPLIST_KEY_UISupportedInterfaceOrientations_iPad = "UIInterfaceOrientationPortrait UIInterfaceOrientationPortraitUpsideDown UIInterfaceOrientationLandscapeLeft UIInterfaceOrientationLandscapeRight";
				INFOPLIST_KEY_UISupportedInterfaceOrientations_iPhone = "UIInterfaceOrientationPortrait UIInterfaceOrientationLandscapeLeft UIInterfaceOrientationLandscapeRight";
				IPHONEOS_DEPLOYMENT_TARGET = 13.0;
				LD_RUNPATH_SEARCH_PATHS = (
					"$(inherited)",
					"@executable_path/Frameworks",
				);
				MARKETING_VERSION = 1.0;
				PRODUCT_BUNDLE_IDENTIFIER = "com.nikitaborodulin.tca-demo";
				PRODUCT_NAME = "$(TARGET_NAME)";
				SWIFT_EMIT_LOC_STRINGS = YES;
				SWIFT_VERSION = 5.0;
				TARGETED_DEVICE_FAMILY = "1,2";
			};
			name = Debug;
		};
		146D165F2864A16300F59B0C /* Release */ = {
			isa = XCBuildConfiguration;
			buildSettings = {
				ASSETCATALOG_COMPILER_APPICON_NAME = AppIcon;
				ASSETCATALOG_COMPILER_GLOBAL_ACCENT_COLOR_NAME = AccentColor;
				CODE_SIGN_STYLE = Automatic;
				CURRENT_PROJECT_VERSION = 1;
				DEVELOPMENT_TEAM = 5393MUFBLF;
				GENERATE_INFOPLIST_FILE = YES;
				INFOPLIST_FILE = "tca-demo/iOS/Info.plist";
				INFOPLIST_KEY_UIApplicationSupportsIndirectInputEvents = YES;
				INFOPLIST_KEY_UILaunchStoryboardName = LaunchScreen;
				INFOPLIST_KEY_UISupportedInterfaceOrientations_iPad = "UIInterfaceOrientationPortrait UIInterfaceOrientationPortraitUpsideDown UIInterfaceOrientationLandscapeLeft UIInterfaceOrientationLandscapeRight";
				INFOPLIST_KEY_UISupportedInterfaceOrientations_iPhone = "UIInterfaceOrientationPortrait UIInterfaceOrientationLandscapeLeft UIInterfaceOrientationLandscapeRight";
				IPHONEOS_DEPLOYMENT_TARGET = 13.0;
				LD_RUNPATH_SEARCH_PATHS = (
					"$(inherited)",
					"@executable_path/Frameworks",
				);
				MARKETING_VERSION = 1.0;
				PRODUCT_BUNDLE_IDENTIFIER = "com.nikitaborodulin.tca-demo";
				PRODUCT_NAME = "$(TARGET_NAME)";
				SWIFT_EMIT_LOC_STRINGS = YES;
				SWIFT_VERSION = 5.0;
				TARGETED_DEVICE_FAMILY = "1,2";
			};
			name = Release;
		};
/* End XCBuildConfiguration section */

/* Begin XCConfigurationList section */
		146D16442864A16200F59B0C /* Build configuration list for PBXProject "tca-demo" */ = {
			isa = XCConfigurationList;
			buildConfigurations = (
				146D165B2864A16300F59B0C /* Debug */,
				146D165C2864A16300F59B0C /* Release */,
			);
			defaultConfigurationIsVisible = 0;
			defaultConfigurationName = Release;
		};
		146D165D2864A16300F59B0C /* Build configuration list for PBXNativeTarget "tca-demo" */ = {
			isa = XCConfigurationList;
			buildConfigurations = (
				146D165E2864A16300F59B0C /* Debug */,
				146D165F2864A16300F59B0C /* Release */,
			);
			defaultConfigurationIsVisible = 0;
			defaultConfigurationName = Release;
		};
/* End XCConfigurationList section */

/* Begin XCRemoteSwiftPackageReference section */
		146D16602864A19E00F59B0C /* XCRemoteSwiftPackageReference "swift-composable-architecture" */ = {
			isa = XCRemoteSwiftPackageReference;
			repositoryURL = "https://github.com/pointfreeco/swift-composable-architecture";
			requirement = {
				kind = upToNextMajorVersion;
				minimumVersion = 0.38.0;
			};
		};
/* End XCRemoteSwiftPackageReference section */

/* Begin XCSwiftPackageProductDependency section */
		146D16612864A19E00F59B0C /* ComposableArchitecture */ = {
			isa = XCSwiftPackageProductDependency;
			package = 146D16602864A19E00F59B0C /* XCRemoteSwiftPackageReference "swift-composable-architecture" */;
			productName = ComposableArchitecture;
		};
/* End XCSwiftPackageProductDependency section */
	};
	rootObject = 146D16412864A16200F59B0C /* Project object */;
}
